
Microsoft Visual Studio Solution File, Format Version 11.00
# Visual Studio 2010
Project("{FAE04EC0-301F-11D3-BF4B-00C04F79EFBC}") = "ReyPhoneApp", "ReyPhoneApp\ReyPhoneApp.csproj", "{81280DE7-26B7-42DF-AD6C-C85DB1965101}"
EndProject
Global
	GlobalSection(SolutionConfigurationPlatforms) = preSolution
		Debug|Any CPU = Debug|Any CPU
		Release|Any CPU = Release|Any CPU
	EndGlobalSection
	GlobalSection(ProjectConfigurationPlatforms) = postSolution
		{81280DE7-26B7-42DF-AD6C-C85DB1965101}.Debug|Any CPU.ActiveCfg = Debug|Any CPU
		{81280DE7-26B7-42DF-AD6C-C85DB1965101}.Debug|Any CPU.Build.0 = Debug|Any CPU
		{81280DE7-26B7-42DF-AD6C-C85DB1965101}.Debug|Any CPU.Deploy.0 = Debug|Any CPU
		{81280DE7-26B7-42DF-AD6C-C85DB1965101}.Release|Any CPU.ActiveCfg = Release|Any CPU
		{81280DE7-26B7-42DF-AD6C-C85DB1965101}.Release|Any CPU.Build.0 = Release|Any CPU
		{81280DE7-26B7-42DF-AD6C-C85DB1965101}.Release|Any CPU.Deploy.0 = Release|Any CPU
	EndGlobalSection
	GlobalSection(SolutionProperties) = preSolution
		HideSolutionNode = FALSE
	EndGlobalSection
EndGlobal
